
Microsoft Visual Studio Solution File, Format Version 12.00
# Visual Studio Version 17
VisualStudioVersion = 17.2.32526.322
MinimumVisualStudioVersion = 10.0.40219.1
Project("{FAE04EC0-301F-11D3-BF4B-00C04F79EFBC}") = "server-side", "server-side.csproj", "{E6BBFA95-12DB-45B6-9EFF-809736C2BF0E}"
EndProject
Global
	GlobalSection(SolutionConfigurationPlatforms) = preSolution
		Debug|Any CPU = Debug|Any CPU
		Release|Any CPU = Release|Any CPU
	EndGlobalSection
	GlobalSection(ProjectConfigurationPlatforms) = postSolution
		{E6BBFA95-12DB-45B6-9EFF-809736C2BF0E}.Debug|Any CPU.ActiveCfg = Debug|Any CPU
		{E6BBFA95-12DB-45B6-9EFF-809736C2BF0E}.Debug|Any CPU.Build.0 = Debug|Any CPU
		{E6BBFA95-12DB-45B6-9EFF-809736C2BF0E}.Release|Any CPU.ActiveCfg = Release|Any CPU
		{E6BBFA95-12DB-45B6-9EFF-809736C2BF0E}.Release|Any CPU.Build.0 = Release|Any CPU
	EndGlobalSection
	GlobalSection(SolutionProperties) = preSolution
		HideSolutionNode = FALSE
	EndGlobalSection
	GlobalSection(ExtensibilityGlobals) = postSolution
		SolutionGuid = {FC3BBED7-B690-4554-8D0E-A639D4DF1EF0}
	EndGlobalSection
EndGlobal
